
Microsoft Visual Studio Solution File, Format Version 12.00
# Visual Studio 2013
VisualStudioVersion = 12.0.21005.1
MinimumVisualStudioVersion = 10.0.40219.1
Project("{8BC9CEB8-8B4A-11D0-8D11-00A0C91BC942}") = "PremitiveTypes", "PremitiveTypes\PremitiveTypes.vcxproj", "{3B25FB01-6E98-460D-A8C6-45D1D449F179}"
EndProject
Project("{8BC9CEB8-8B4A-11D0-8D11-00A0C91BC942}") = "SocketProgramming", "SocketProgramming\SocketProgramming.vcxproj", "{BA533319-5D67-4CC7-A390-60D637EB4390}"
EndProject
Project("{8BC9CEB8-8B4A-11D0-8D11-00A0C91BC942}") = "SocketClient", "SocketClient\SocketClient.vcxproj", "{0F64F114-BA2C-4B76-8378-244BB28DE2FE}"
EndProject
Project("{8BC9CEB8-8B4A-11D0-8D11-00A0C91BC942}") = "SocketServer", "SocketServer\SocketServer.vcxproj", "{85B1D8D3-6493-4AD2-9760-A471124936FD}"
EndProject
Global
	GlobalSection(SolutionConfigurationPlatforms) = preSolution
		Debug|Mixed Platforms = Debug|Mixed Platforms
		Debug|Win32 = Debug|Win32
		Debug|x64 = Debug|x64
		Debug|x86 = Debug|x86
		Release|Mixed Platforms = Release|Mixed Platforms
		Release|Win32 = Release|Win32
		Release|x64 = Release|x64
		Release|x86 = Release|x86
	EndGlobalSection
	GlobalSection(ProjectConfigurationPlatforms) = postSolution
		{3B25FB01-6E98-460D-A8C6-45D1D449F179}.Debug|Mixed Platforms.ActiveCfg = Debug|Win32
		{3B25FB01-6E98-460D-A8C6-45D1D449F179}.Debug|Win32.ActiveCfg = Debug|Win32
		{3B25FB01-6E98-460D-A8C6-45D1D449F179}.Debug|Win32.Build.0 = Debug|Win32
		{3B25FB01-6E98-460D-A8C6-45D1D449F179}.Debug|x64.ActiveCfg = Debug|x64
		{3B25FB01-6E98-460D-A8C6-45D1D449F179}.Debug|x64.Build.0 = Debug|x64
		{3B25FB01-6E98-460D-A8C6-45D1D449F179}.Debug|x86.ActiveCfg = Debug|Win32
		{3B25FB01-6E98-460D-A8C6-45D1D449F179}.Debug|x86.Build.0 = Debug|Win32
		{3B25FB01-6E98-460D-A8C6-45D1D449F179}.Release|Mixed Platforms.ActiveCfg = Release|Win32
		{3B25FB01-6E98-460D-A8C6-45D1D449F179}.Release|Mixed Platforms.Build.0 = Release|Win32
		{3B25FB01-6E98-460D-A8C6-45D1D449F179}.Release|Win32.ActiveCfg = Release|Win32
		{3B25FB01-6E98-460D-A8C6-45D1D449F179}.Release|Win32.Build.0 = Release|Win32
		{3B25FB01-6E98-460D-A8C6-45D1D449F179}.Release|x64.ActiveCfg = Release|x64
		{3B25FB01-6E98-460D-A8C6-45D1D449F179}.Release|x64.Build.0 = Release|x64
		{3B25FB01-6E98-460D-A8C6-45D1D449F179}.Release|x86.ActiveCfg = Release|Win32
		{3B25FB01-6E98-460D-A8C6-45D1D449F179}.Release|x86.Build.0 = Release|Win32
		{BA533319-5D67-4CC7-A390-60D637EB4390}.Debug|Mixed Platforms.ActiveCfg = Debug|Win32
		{BA533319-5D67-4CC7-A390-60D637EB4390}.Debug|Win32.ActiveCfg = Debug|Win32
		{BA533319-5D67-4CC7-A390-60D637EB4390}.Debug|Win32.Build.0 = Debug|Win32
		{BA533319-5D67-4CC7-A390-60D637EB4390}.Debug|x64.ActiveCfg = Debug|x64
		{BA533319-5D67-4CC7-A390-60D637EB4390}.Debug|x64.Build.0 = Debug|x64
		{BA533319-5D67-4CC7-A390-60D637EB4390}.Debug|x86.ActiveCfg = Debug|Win32
		{BA533319-5D67-4CC7-A390-60D637EB4390}.Debug|x86.Build.0 = Debug|Win32
		{BA533319-5D67-4CC7-A390-60D637EB4390}.Release|Mixed Platforms.ActiveCfg = Release|Win32
		{BA533319-5D67-4CC7-A390-60D637EB4390}.Release|Mixed Platforms.Build.0 = Release|Win32
		{BA533319-5D67-4CC7-A390-60D637EB4390}.Release|Win32.ActiveCfg = Release|Win32
		{BA533319-5D67-4CC7-A390-60D637EB4390}.Release|Win32.Build.0 = Release|Win32
		{BA533319-5D67-4CC7-A390-60D637EB4390}.Release|x64.ActiveCfg = Release|x64
		{BA533319-5D67-4CC7-A390-60D637EB4390}.Release|x64.Build.0 = Release|x64
		{BA533319-5D67-4CC7-A390-60D637EB4390}.Release|x86.ActiveCfg = Release|Win32
		{BA533319-5D67-4CC7-A390-60D637EB4390}.Release|x86.Build.0 = Release|Win32
		{0F64F114-BA2C-4B76-8378-244BB28DE2FE}.Debug|Mixed Platforms.ActiveCfg = Debug|Win32
		{0F64F114-BA2C-4B76-8378-244BB28DE2FE}.Debug|Mixed Platforms.Build.0 = Debug|Win32
		{0F64F114-BA2C-4B76-8378-244BB28DE2FE}.Debug|Win32.ActiveCfg = Debug|Win32
		{0F64F114-BA2C-4B76-8378-244BB28DE2FE}.Debug|Win32.Build.0 = Debug|Win32
		{0F64F114-BA2C-4B76-8378-244BB28DE2FE}.Debug|x64.ActiveCfg = Debug|Win32
		{0F64F114-BA2C-4B76-8378-244BB28DE2FE}.Debug|x86.ActiveCfg = Debug|Win32
		{0F64F114-BA2C-4B76-8378-244BB28DE2FE}.Debug|x86.Build.0 = Debug|Win32
		{0F64F114-BA2C-4B76-8378-244BB28DE2FE}.Release|Mixed Platforms.ActiveCfg = Release|Win32
		{0F64F114-BA2C-4B76-8378-244BB28DE2FE}.Release|Mixed Platforms.Build.0 = Release|Win32
		{0F64F114-BA2C-4B76-8378-244BB28DE2FE}.Release|Win32.ActiveCfg = Release|Win32
		{0F64F114-BA2C-4B76-8378-244BB28DE2FE}.Release|Win32.Build.0 = Release|Win32
		{0F64F114-BA2C-4B76-8378-244BB28DE2FE}.Release|x64.ActiveCfg = Release|Win32
		{0F64F114-BA2C-4B76-8378-244BB28DE2FE}.Release|x86.ActiveCfg = Release|Win32
		{0F64F114-BA2C-4B76-8378-244BB28DE2FE}.Release|x86.Build.0 = Release|Win32
		{85B1D8D3-6493-4AD2-9760-A471124936FD}.Debug|Mixed Platforms.ActiveCfg = Debug|Win32
		{85B1D8D3-6493-4AD2-9760-A471124936FD}.Debug|Mixed Platforms.Build.0 = Debug|Win32
		{85B1D8D3-6493-4AD2-9760-A471124936FD}.Debug|Win32.ActiveCfg = Debug|Win32
		{85B1D8D3-6493-4AD2-9760-A471124936FD}.Debug|Win32.Build.0 = Debug|Win32
		{85B1D8D3-6493-4AD2-9760-A471124936FD}.Debug|x64.ActiveCfg = Debug|Win32
		{85B1D8D3-6493-4AD2-9760-A471124936FD}.Debug|x86.ActiveCfg = Debug|Win32
		{85B1D8D3-6493-4AD2-9760-A471124936FD}.Debug|x86.Build.0 = Debug|Win32
		{85B1D8D3-6493-4AD2-9760-A471124936FD}.Release|Mixed Platforms.ActiveCfg = Release|Win32
		{85B1D8D3-6493-4AD2-9760-A471124936FD}.Release|Mixed Platforms.Build.0 = Release|Win32
		{85B1D8D3-6493-4AD2-9760-A471124936FD}.Release|Win32.ActiveCfg = Release|Win32
		{85B1D8D3-6493-4AD2-9760-A471124936FD}.Release|Win32.Build.0 = Release|Win32
		{85B1D8D3-6493-4AD2-9760-A471124936FD}.Release|x64.ActiveCfg = Release|Win32
		{85B1D8D3-6493-4AD2-9760-A471124936FD}.Release|x86.ActiveCfg = Release|Win32
		{85B1D8D3-6493-4AD2-9760-A471124936FD}.Release|x86.Build.0 = Release|Win32
	EndGlobalSection
	GlobalSection(SolutionProperties) = preSolution
		HideSolutionNode = FALSE
	EndGlobalSection
EndGlobal
